
Microsoft Visual Studio Solution File, Format Version 12.00
# Visual Studio Version 17
VisualStudioVersion = 17.8.34511.84
MinimumVisualStudioVersion = 10.0.40219.1
Project("{FAE04EC0-301F-11D3-BF4B-00C04F79EFBC}") = "API_Balta", "API_Balta\API_Balta.csproj", "{67024D6E-8634-4318-94FA-600B2AF576F7}"
EndProject
Global
	GlobalSection(SolutionConfigurationPlatforms) = preSolution
		Debug|Any CPU = Debug|Any CPU
		Release|Any CPU = Release|Any CPU
	EndGlobalSection
	GlobalSection(ProjectConfigurationPlatforms) = postSolution
		{67024D6E-8634-4318-94FA-600B2AF576F7}.Debug|Any CPU.ActiveCfg = Debug|Any CPU
		{67024D6E-8634-4318-94FA-600B2AF576F7}.Debug|Any CPU.Build.0 = Debug|Any CPU
		{67024D6E-8634-4318-94FA-600B2AF576F7}.Release|Any CPU.ActiveCfg = Release|Any CPU
		{67024D6E-8634-4318-94FA-600B2AF576F7}.Release|Any CPU.Build.0 = Release|Any CPU
	EndGlobalSection
	GlobalSection(SolutionProperties) = preSolution
		HideSolutionNode = FALSE
	EndGlobalSection
	GlobalSection(ExtensibilityGlobals) = postSolution
		SolutionGuid = {91389E5E-9848-4FFB-B8B0-970A379B05B8}
	EndGlobalSection
EndGlobal
